// !$*UTF8*$!
{
	archiveVersion = 1;
	classes = {
	};
	objectVersion = 56;
	objects = {

/* Begin PBXBuildFile section */
		AF75B23A2BD0756F00927C54 /* MonitorDeCheiasApp.swift in Sources */ = {isa = PBXBuildFile; fileRef = AF75B2392BD0756F00927C54 /* MonitorDeCheiasApp.swift */; };
		AF75B23C2BD0756F00927C54 /* ContentView.swift in Sources */ = {isa = PBXBuildFile; fileRef = AF75B23B2BD0756F00927C54 /* ContentView.swift */; };
		AF75B23E2BD0757100927C54 /* Assets.xcassets in Resources */ = {isa = PBXBuildFile; fileRef = AF75B23D2BD0757100927C54 /* Assets.xcassets */; };
		AF75B2412BD0757100927C54 /* Preview Assets.xcassets in Resources */ = {isa = PBXBuildFile; fileRef = AF75B2402BD0757100927C54 /* Preview Assets.xcassets */; };
		AF75B24B2BD0765200927C54 /* AlagamentosView.swift in Sources */ = {isa = PBXBuildFile; fileRef = AF75B24A2BD0765200927C54 /* AlagamentosView.swift */; };
		AF75B24D2BD0767B00927C54 /* HomeView.swift in Sources */ = {isa = PBXBuildFile; fileRef = AF75B24C2BD0767B00927C54 /* HomeView.swift */; };
		AF75B24F2BD076A900927C54 /* AlertasView.swift in Sources */ = {isa = PBXBuildFile; fileRef = AF75B24E2BD076A900927C54 /* AlertasView.swift */; };
		AF75B2522BD076C800927C54 /* GraficosView.swift in Sources */ = {isa = PBXBuildFile; fileRef = AF75B2512BD076C800927C54 /* GraficosView.swift */; };
		AF75B2542BD07B1B00927C54 /* WeatherAPIViewModel.swift in Sources */ = {isa = PBXBuildFile; fileRef = AF75B2532BD07B1B00927C54 /* WeatherAPIViewModel.swift */; };
		AF75B2572BD07C1300927C54 /* WeatherData.swift in Sources */ = {isa = PBXBuildFile; fileRef = AF75B2562BD07C1300927C54 /* WeatherData.swift */; };
		AF871B2B2BD2FB3100716763 /* Sheet.swift in Sources */ = {isa = PBXBuildFile; fileRef = AF871B2A2BD2FB3100716763 /* Sheet.swift */; };
		AFE499FF2BD19D62006973FF /* ForecastData.swift in Sources */ = {isa = PBXBuildFile; fileRef = AFE499FE2BD19D62006973FF /* ForecastData.swift */; };
/* End PBXBuildFile section */

/* Begin PBXFileReference section */
		AF75B2362BD0756F00927C54 /* MonitorDeCheias.app */ = {isa = PBXFileReference; explicitFileType = wrapper.application; includeInIndex = 0; path = MonitorDeCheias.app; sourceTree = BUILT_PRODUCTS_DIR; };
		AF75B2392BD0756F00927C54 /* MonitorDeCheiasApp.swift */ = {isa = PBXFileReference; lastKnownFileType = sourcecode.swift; path = MonitorDeCheiasApp.swift; sourceTree = "<group>"; };
		AF75B23B2BD0756F00927C54 /* ContentView.swift */ = {isa = PBXFileReference; lastKnownFileType = sourcecode.swift; path = ContentView.swift; sourceTree = "<group>"; };
		AF75B23D2BD0757100927C54 /* Assets.xcassets */ = {isa = PBXFileReference; lastKnownFileType = folder.assetcatalog; path = Assets.xcassets; sourceTree = "<group>"; };
		AF75B2402BD0757100927C54 /* Preview Assets.xcassets */ = {isa = PBXFileReference; lastKnownFileType = folder.assetcatalog; path = "Preview Assets.xcassets"; sourceTree = "<group>"; };
		AF75B24A2BD0765200927C54 /* AlagamentosView.swift */ = {isa = PBXFileReference; lastKnownFileType = sourcecode.swift; path = AlagamentosView.swift; sourceTree = "<group>"; };
		AF75B24C2BD0767B00927C54 /* HomeView.swift */ = {isa = PBXFileReference; lastKnownFileType = sourcecode.swift; path = HomeView.swift; sourceTree = "<group>"; };
		AF75B24E2BD076A900927C54 /* AlertasView.swift */ = {isa = PBXFileReference; lastKnownFileType = sourcecode.swift; path = AlertasView.swift; sourceTree = "<group>"; };
		AF75B2512BD076C800927C54 /* GraficosView.swift */ = {isa = PBXFileReference; lastKnownFileType = sourcecode.swift; path = GraficosView.swift; sourceTree = "<group>"; };
		AF75B2532BD07B1B00927C54 /* WeatherAPIViewModel.swift */ = {isa = PBXFileReference; lastKnownFileType = sourcecode.swift; path = WeatherAPIViewModel.swift; sourceTree = "<group>"; };
		AF75B2562BD07C1300927C54 /* WeatherData.swift */ = {isa = PBXFileReference; lastKnownFileType = sourcecode.swift; path = WeatherData.swift; sourceTree = "<group>"; };
		AF871B2A2BD2FB3100716763 /* Sheet.swift */ = {isa = PBXFileReference; fileEncoding = 4; lastKnownFileType = sourcecode.swift; name = Sheet.swift; path = ../../../../../../../Downloads/MonitorDeCheias/MonitorDeCheias/View/Sheet.swift; sourceTree = "<group>"; };
		AFE499FE2BD19D62006973FF /* ForecastData.swift */ = {isa = PBXFileReference; lastKnownFileType = sourcecode.swift; path = ForecastData.swift; sourceTree = "<group>"; };
/* End PBXFileReference section */

/* Begin PBXFrameworksBuildPhase section */
		AF75B2332BD0756F00927C54 /* Frameworks */ = {
			isa = PBXFrameworksBuildPhase;
			buildActionMask = 2147483647;
			files = (
			);
			runOnlyForDeploymentPostprocessing = 0;
		};
/* End PBXFrameworksBuildPhase section */

/* Begin PBXGroup section */
		AF75B22D2BD0756F00927C54 = {
			isa = PBXGroup;
			children = (
				AF75B2382BD0756F00927C54 /* MonitorDeCheias */,
				AF75B2372BD0756F00927C54 /* Products */,
			);
			sourceTree = "<group>";
		};
		AF75B2372BD0756F00927C54 /* Products */ = {
			isa = PBXGroup;
			children = (
				AF75B2362BD0756F00927C54 /* MonitorDeCheias.app */,
			);
			name = Products;
			sourceTree = "<group>";
		};
		AF75B2382BD0756F00927C54 /* MonitorDeCheias */ = {
			isa = PBXGroup;
			children = (
				AF75B2492BD075A700927C54 /* Model */,
				AF75B2482BD0759B00927C54 /* ViewModel */,
				AF75B2472BD0758300927C54 /* View */,
				AF75B23D2BD0757100927C54 /* Assets.xcassets */,
				AF75B23F2BD0757100927C54 /* Preview Content */,
			);
			path = MonitorDeCheias;
			sourceTree = "<group>";
		};
		AF75B23F2BD0757100927C54 /* Preview Content */ = {
			isa = PBXGroup;
			children = (
				AF75B2402BD0757100927C54 /* Preview Assets.xcassets */,
			);
			path = "Preview Content";
			sourceTree = "<group>";
		};
		AF75B2472BD0758300927C54 /* View */ = {
			isa = PBXGroup;
			children = (
				AF871B2A2BD2FB3100716763 /* Sheet.swift */,
				AF75B2392BD0756F00927C54 /* MonitorDeCheiasApp.swift */,
				AF75B23B2BD0756F00927C54 /* ContentView.swift */,
				AF75B24A2BD0765200927C54 /* AlagamentosView.swift */,
				AF75B24C2BD0767B00927C54 /* HomeView.swift */,
				AF75B24E2BD076A900927C54 /* AlertasView.swift */,
				AF75B2512BD076C800927C54 /* GraficosView.swift */,
			);
			path = View;
			sourceTree = "<group>";
		};
		AF75B2482BD0759B00927C54 /* ViewModel */ = {
			isa = PBXGroup;
			children = (
				AF75B2532BD07B1B00927C54 /* WeatherAPIViewModel.swift */,
			);
			path = ViewModel;
			sourceTree = "<group>";
		};
		AF75B2492BD075A700927C54 /* Model */ = {
			isa = PBXGroup;
			children = (
				AF75B2562BD07C1300927C54 /* WeatherData.swift */,
				AFE499FE2BD19D62006973FF /* ForecastData.swift */,
			);
			path = Model;
			sourceTree = "<group>";
		};
/* End PBXGroup section */

/* Begin PBXNativeTarget section */
		AF75B2352BD0756F00927C54 /* MonitorDeCheias */ = {
			isa = PBXNativeTarget;
			buildConfigurationList = AF75B2442BD0757100927C54 /* Build configuration list for PBXNativeTarget "MonitorDeCheias" */;
			buildPhases = (
				AF75B2322BD0756F00927C54 /* Sources */,
				AF75B2332BD0756F00927C54 /* Frameworks */,
				AF75B2342BD0756F00927C54 /* Resources */,
			);
			buildRules = (
			);
			dependencies = (
			);
			name = MonitorDeCheias;
			productName = MonitorDeCheias;
			productReference = AF75B2362BD0756F00927C54 /* MonitorDeCheias.app */;
			productType = "com.apple.product-type.application";
		};
/* End PBXNativeTarget section */

/* Begin PBXProject section */
		AF75B22E2BD0756F00927C54 /* Project object */ = {
			isa = PBXProject;
			attributes = {
				BuildIndependentTargetsInParallel = 1;
				LastSwiftUpdateCheck = 1530;
				LastUpgradeCheck = 1530;
				TargetAttributes = {
					AF75B2352BD0756F00927C54 = {
						CreatedOnToolsVersion = 15.3;
					};
				};
			};
			buildConfigurationList = AF75B2312BD0756F00927C54 /* Build configuration list for PBXProject "MonitorDeCheias" */;
			compatibilityVersion = "Xcode 14.0";
			developmentRegion = en;
			hasScannedForEncodings = 0;
			knownRegions = (
				en,
				Base,
			);
			mainGroup = AF75B22D2BD0756F00927C54;
			productRefGroup = AF75B2372BD0756F00927C54 /* Products */;
			projectDirPath = "";
			projectRoot = "";
			targets = (
				AF75B2352BD0756F00927C54 /* MonitorDeCheias */,
			);
		};
/* End PBXProject section */

/* Begin PBXResourcesBuildPhase section */
		AF75B2342BD0756F00927C54 /* Resources */ = {
			isa = PBXResourcesBuildPhase;
			buildActionMask = 2147483647;
			files = (
				AF75B2412BD0757100927C54 /* Preview Assets.xcassets in Resources */,
				AF75B23E2BD0757100927C54 /* Assets.xcassets in Resources */,
			);
			runOnlyForDeploymentPostprocessing = 0;
		};
/* End PBXResourcesBuildPhase section */

/* Begin PBXSourcesBuildPhase section */
		AF75B2322BD0756F00927C54 /* Sources */ = {
			isa = PBXSourcesBuildPhase;
			buildActionMask = 2147483647;
			files = (
				AF75B24F2BD076A900927C54 /* AlertasView.swift in Sources */,
				AF75B23C2BD0756F00927C54 /* ContentView.swift in Sources */,
				AF75B2522BD076C800927C54 /* GraficosView.swift in Sources */,
				AF75B2542BD07B1B00927C54 /* WeatherAPIViewModel.swift in Sources */,
				AF75B24D2BD0767B00927C54 /* HomeView.swift in Sources */,
				AF871B2B2BD2FB3100716763 /* Sheet.swift in Sources */,
				AF75B23A2BD0756F00927C54 /* MonitorDeCheiasApp.swift in Sources */,
				AF75B2572BD07C1300927C54 /* WeatherData.swift in Sources */,
				AFE499FF2BD19D62006973FF /* ForecastData.swift in Sources */,
				AF75B24B2BD0765200927C54 /* AlagamentosView.swift in Sources */,
			);
			runOnlyForDeploymentPostprocessing = 0;
		};
/* End PBXSourcesBuildPhase section */

/* Begin XCBuildConfiguration section */
		AF75B2422BD0757100927C54 /* Debug */ = {
			isa = XCBuildConfiguration;
			buildSettings = {
				ALWAYS_SEARCH_USER_PATHS = NO;
				ASSETCATALOG_COMPILER_GENERATE_SWIFT_ASSET_SYMBOL_EXTENSIONS = YES;
				CLANG_ANALYZER_NONNULL = YES;
				CLANG_ANALYZER_NUMBER_OBJECT_CONVERSION = YES_AGGRESSIVE;
				CLANG_CXX_LANGUAGE_STANDARD = "gnu++20";
				CLANG_ENABLE_MODULES = YES;
				CLANG_ENABLE_OBJC_ARC = YES;
				CLANG_ENABLE_OBJC_WEAK = YES;
				CLANG_WARN_BLOCK_CAPTURE_AUTORELEASING = YES;
				CLANG_WARN_BOOL_CONVERSION = YES;
				CLANG_WARN_COMMA = YES;
				CLANG_WARN_CONSTANT_CONVERSION = YES;
				CLANG_WARN_DEPRECATED_OBJC_IMPLEMENTATIONS = YES;
				CLANG_WARN_DIRECT_OBJC_ISA_USAGE = YES_ERROR;
				CLANG_WARN_DOCUMENTATION_COMMENTS = YES;
				CLANG_WARN_EMPTY_BODY = YES;
				CLANG_WARN_ENUM_CONVERSION = YES;
				CLANG_WARN_INFINITE_RECURSION = YES;
				CLANG_WARN_INT_CONVERSION = YES;
				CLANG_WARN_NON_LITERAL_NULL_CONVERSION = YES;
				CLANG_WARN_OBJC_IMPLICIT_RETAIN_SELF = YES;
				CLANG_WARN_OBJC_LITERAL_CONVERSION = YES;
				CLANG_WARN_OBJC_ROOT_CLASS = YES_ERROR;
				CLANG_WARN_QUOTED_INCLUDE_IN_FRAMEWORK_HEADER = YES;
				CLANG_WARN_RANGE_LOOP_ANALYSIS = YES;
				CLANG_WARN_STRICT_PROTOTYPES = YES;
				CLANG_WARN_SUSPICIOUS_MOVE = YES;
				CLANG_WARN_UNGUARDED_AVAILABILITY = YES_AGGRESSIVE;
				CLANG_WARN_UNREACHABLE_CODE = YES;
				CLANG_WARN__DUPLICATE_METHOD_MATCH = YES;
				COPY_PHASE_STRIP = NO;
				DEBUG_INFORMATION_FORMAT = dwarf;
				ENABLE_STRICT_OBJC_MSGSEND = YES;
				ENABLE_TESTABILITY = YES;
				ENABLE_USER_SCRIPT_SANDBOXING = YES;
				GCC_C_LANGUAGE_STANDARD = gnu17;
				GCC_DYNAMIC_NO_PIC = NO;
				GCC_NO_COMMON_BLOCKS = YES;
				GCC_OPTIMIZATION_LEVEL = 0;
				GCC_PREPROCESSOR_DEFINITIONS = (
					"DEBUG=1",
					"$(inherited)",
				);
				GCC_WARN_64_TO_32_BIT_CONVERSION = YES;
				GCC_WARN_ABOUT_RETURN_TYPE = YES_ERROR;
				GCC_WARN_UNDECLARED_SELECTOR = YES;
				GCC_WARN_UNINITIALIZED_AUTOS = YES_AGGRESSIVE;
				GCC_WARN_UNUSED_FUNCTION = YES;
				GCC_WARN_UNUSED_VARIABLE = YES;
				IPHONEOS_DEPLOYMENT_TARGET = 17.4;
				LOCALIZATION_PREFERS_STRING_CATALOGS = YES;
				MTL_ENABLE_DEBUG_INFO = INCLUDE_SOURCE;
				MTL_FAST_MATH = YES;
				ONLY_ACTIVE_ARCH = YES;
				SDKROOT = iphoneos;
				SWIFT_ACTIVE_COMPILATION_CONDITIONS = "DEBUG $(inherited)";
				SWIFT_OPTIMIZATION_LEVEL = "-Onone";
			};
			name = Debug;
		};
		AF75B2432BD0757100927C54 /* Release */ = {
			isa = XCBuildConfiguration;
			buildSettings = {
				ALWAYS_SEARCH_USER_PATHS = NO;
				ASSETCATALOG_COMPILER_GENERATE_SWIFT_ASSET_SYMBOL_EXTENSIONS = YES;
				CLANG_ANALYZER_NONNULL = YES;
				CLANG_ANALYZER_NUMBER_OBJECT_CONVERSION = YES_AGGRESSIVE;
				CLANG_CXX_LANGUAGE_STANDARD = "gnu++20";
				CLANG_ENABLE_MODULES = YES;
				CLANG_ENABLE_OBJC_ARC = YES;
				CLANG_ENABLE_OBJC_WEAK = YES;
				CLANG_WARN_BLOCK_CAPTURE_AUTORELEASING = YES;
				CLANG_WARN_BOOL_CONVERSION = YES;
				CLANG_WARN_COMMA = YES;
				CLANG_WARN_CONSTANT_CONVERSION = YES;
				CLANG_WARN_DEPRECATED_OBJC_IMPLEMENTATIONS = YES;
				CLANG_WARN_DIRECT_OBJC_ISA_USAGE = YES_ERROR;
				CLANG_WARN_DOCUMENTATION_COMMENTS = YES;
				CLANG_WARN_EMPTY_BODY = YES;
				CLANG_WARN_ENUM_CONVERSION = YES;
				CLANG_WARN_INFINITE_RECURSION = YES;
				CLANG_WARN_INT_CONVERSION = YES;
				CLANG_WARN_NON_LITERAL_NULL_CONVERSION = YES;
				CLANG_WARN_OBJC_IMPLICIT_RETAIN_SELF = YES;
				CLANG_WARN_OBJC_LITERAL_CONVERSION = YES;
				CLANG_WARN_OBJC_ROOT_CLASS = YES_ERROR;
				CLANG_WARN_QUOTED_INCLUDE_IN_FRAMEWORK_HEADER = YES;
				CLANG_WARN_RANGE_LOOP_ANALYSIS = YES;
				CLANG_WARN_STRICT_PROTOTYPES = YES;
				CLANG_WARN_SUSPICIOUS_MOVE = YES;
				CLANG_WARN_UNGUARDED_AVAILABILITY = YES_AGGRESSIVE;
				CLANG_WARN_UNREACHABLE_CODE = YES;
				CLANG_WARN__DUPLICATE_METHOD_MATCH = YES;
				COPY_PHASE_STRIP = NO;
				DEBUG_INFORMATION_FORMAT = "dwarf-with-dsym";
				ENABLE_NS_ASSERTIONS = NO;
				ENABLE_STRICT_OBJC_MSGSEND = YES;
				ENABLE_USER_SCRIPT_SANDBOXING = YES;
				GCC_C_LANGUAGE_STANDARD = gnu17;
				GCC_NO_COMMON_BLOCKS = YES;
				GCC_WARN_64_TO_32_BIT_CONVERSION = YES;
				GCC_WARN_ABOUT_RETURN_TYPE = YES_ERROR;
				GCC_WARN_UNDECLARED_SELECTOR = YES;
				GCC_WARN_UNINITIALIZED_AUTOS = YES_AGGRESSIVE;
				GCC_WARN_UNUSED_FUNCTION = YES;
				GCC_WARN_UNUSED_VARIABLE = YES;
				IPHONEOS_DEPLOYMENT_TARGET = 17.4;
				LOCALIZATION_PREFERS_STRING_CATALOGS = YES;
				MTL_ENABLE_DEBUG_INFO = NO;
				MTL_FAST_MATH = YES;
				SDKROOT = iphoneos;
				SWIFT_COMPILATION_MODE = wholemodule;
				VALIDATE_PRODUCT = YES;
			};
			name = Release;
		};
		AF75B2452BD0757100927C54 /* Debug */ = {
			isa = XCBuildConfiguration;
			buildSettings = {
				ASSETCATALOG_COMPILER_APPICON_NAME = AppIcon;
				ASSETCATALOG_COMPILER_GLOBAL_ACCENT_COLOR_NAME = AccentColor;
				CODE_SIGN_STYLE = Automatic;
				CURRENT_PROJECT_VERSION = 1;
				DEVELOPMENT_ASSET_PATHS = "\"MonitorDeCheias/Preview Content\"";
				DEVELOPMENT_TEAM = WC3T929Y2A;
				ENABLE_PREVIEWS = YES;
				GENERATE_INFOPLIST_FILE = YES;
				INFOPLIST_KEY_UIApplicationSceneManifest_Generation = YES;
				INFOPLIST_KEY_UIApplicationSupportsIndirectInputEvents = YES;
				INFOPLIST_KEY_UILaunchScreen_Generation = YES;
				INFOPLIST_KEY_UISupportedInterfaceOrientations_iPad = "UIInterfaceOrientationPortrait UIInterfaceOrientationPortraitUpsideDown UIInterfaceOrientationLandscapeLeft UIInterfaceOrientationLandscapeRight";
				INFOPLIST_KEY_UISupportedInterfaceOrientations_iPhone = "UIInterfaceOrientationPortrait UIInterfaceOrientationLandscapeLeft UIInterfaceOrientationLandscapeRight";
				LD_RUNPATH_SEARCH_PATHS = (
					"$(inherited)",
					"@executable_path/Frameworks",
				);
				MARKETING_VERSION = 1.0;
				PRODUCT_BUNDLE_IDENTIFIER = LouisiDalazen.MonitorDeCheias;
				PRODUCT_NAME = "$(TARGET_NAME)";
				SWIFT_EMIT_LOC_STRINGS = YES;
				SWIFT_VERSION = 5.0;
				TARGETED_DEVICE_FAMILY = "1,2";
			};
			name = Debug;
		};
		AF75B2462BD0757100927C54 /* Release */ = {
			isa = XCBuildConfiguration;
			buildSettings = {
				ASSETCATALOG_COMPILER_APPICON_NAME = AppIcon;
				ASSETCATALOG_COMPILER_GLOBAL_ACCENT_COLOR_NAME = AccentColor;
				CODE_SIGN_STYLE = Automatic;
				CURRENT_PROJECT_VERSION = 1;
				DEVELOPMENT_ASSET_PATHS = "\"MonitorDeCheias/Preview Content\"";
				DEVELOPMENT_TEAM = WC3T929Y2A;
				ENABLE_PREVIEWS = YES;
				GENERATE_INFOPLIST_FILE = YES;
				INFOPLIST_KEY_UIApplicationSceneManifest_Generation = YES;
				INFOPLIST_KEY_UIApplicationSupportsIndirectInputEvents = YES;
				INFOPLIST_KEY_UILaunchScreen_Generation = YES;
				INFOPLIST_KEY_UISupportedInterfaceOrientations_iPad = "UIInterfaceOrientationPortrait UIInterfaceOrientationPortraitUpsideDown UIInterfaceOrientationLandscapeLeft UIInterfaceOrientationLandscapeRight";
				INFOPLIST_KEY_UISupportedInterfaceOrientations_iPhone = "UIInterfaceOrientationPortrait UIInterfaceOrientationLandscapeLeft UIInterfaceOrientationLandscapeRight";
				LD_RUNPATH_SEARCH_PATHS = (
					"$(inherited)",
					"@executable_path/Frameworks",
				);
				MARKETING_VERSION = 1.0;
				PRODUCT_BUNDLE_IDENTIFIER = LouisiDalazen.MonitorDeCheias;
				PRODUCT_NAME = "$(TARGET_NAME)";
				SWIFT_EMIT_LOC_STRINGS = YES;
				SWIFT_VERSION = 5.0;
				TARGETED_DEVICE_FAMILY = "1,2";
			};
			name = Release;
		};
/* End XCBuildConfiguration section */

/* Begin XCConfigurationList section */
		AF75B2312BD0756F00927C54 /* Build configuration list for PBXProject "MonitorDeCheias" */ = {
			isa = XCConfigurationList;
			buildConfigurations = (
				AF75B2422BD0757100927C54 /* Debug */,
				AF75B2432BD0757100927C54 /* Release */,
			);
			defaultConfigurationIsVisible = 0;
			defaultConfigurationName = Release;
		};
		AF75B2442BD0757100927C54 /* Build configuration list for PBXNativeTarget "MonitorDeCheias" */ = {
			isa = XCConfigurationList;
			buildConfigurations = (
				AF75B2452BD0757100927C54 /* Debug */,
				AF75B2462BD0757100927C54 /* Release */,
			);
			defaultConfigurationIsVisible = 0;
			defaultConfigurationName = Release;
		};
/* End XCConfigurationList section */
	};
	rootObject = AF75B22E2BD0756F00927C54 /* Project object */;
}
